
Microsoft Visual Studio Solution File, Format Version 12.00
# Visual Studio Version 16
VisualStudioVersion = 16.0.29806.167
MinimumVisualStudioVersion = 10.0.40219.1
Project("{FAE04EC0-301F-11D3-BF4B-00C04F79EFBC}") = "KeyboardCalculator.UWP", "KeyboardCalculator\KeyboardCalculator.UWP\KeyboardCalculator.UWP.csproj", "{4D3CB994-71F3-4BB8-9D93-494839342B8F}"
EndProject
Project("{FAE04EC0-301F-11D3-BF4B-00C04F79EFBC}") = "KeyboardCalculator.Android", "KeyboardCalculator\KeyboardCalculator.Android\KeyboardCalculator.Android.csproj", "{999471F7-165A-4732-8D82-61D6792B253D}"
EndProject
Project("{FAE04EC0-301F-11D3-BF4B-00C04F79EFBC}") = "KeyboardCalculator.iOS", "KeyboardCalculator\KeyboardCalculator.iOS\KeyboardCalculator.iOS.csproj", "{44681B4B-8CFF-454E-BC83-9FEE25711FF7}"
EndProject
Project("{FAE04EC0-301F-11D3-BF4B-00C04F79EFBC}") = "KeyboardCalculator", "KeyboardCalculator\KeyboardCalculator\KeyboardCalculator.csproj", "{08F97207-41B0-4AB6-A801-360488A9F28B}"
EndProject
Global
	GlobalSection(SolutionConfigurationPlatforms) = preSolution
		Debug|Any CPU = Debug|Any CPU
		Debug|ARM = Debug|ARM
		Debug|iPhone = Debug|iPhone
		Debug|iPhoneSimulator = Debug|iPhoneSimulator
		Debug|x64 = Debug|x64
		Debug|x86 = Debug|x86
		Release|Any CPU = Release|Any CPU
		Release|ARM = Release|ARM
		Release|iPhone = Release|iPhone
		Release|iPhoneSimulator = Release|iPhoneSimulator
		Release|x64 = Release|x64
		Release|x86 = Release|x86
	EndGlobalSection
	GlobalSection(ProjectConfigurationPlatforms) = postSolution
		{4D3CB994-71F3-4BB8-9D93-494839342B8F}.Debug|Any CPU.ActiveCfg = Debug|x86
		{4D3CB994-71F3-4BB8-9D93-494839342B8F}.Debug|Any CPU.Build.0 = Debug|x86
		{4D3CB994-71F3-4BB8-9D93-494839342B8F}.Debug|Any CPU.Deploy.0 = Debug|x86
		{4D3CB994-71F3-4BB8-9D93-494839342B8F}.Debug|ARM.ActiveCfg = Debug|ARM
		{4D3CB994-71F3-4BB8-9D93-494839342B8F}.Debug|ARM.Build.0 = Debug|ARM
		{4D3CB994-71F3-4BB8-9D93-494839342B8F}.Debug|ARM.Deploy.0 = Debug|ARM
		{4D3CB994-71F3-4BB8-9D93-494839342B8F}.Debug|iPhone.ActiveCfg = Debug|x86
		{4D3CB994-71F3-4BB8-9D93-494839342B8F}.Debug|iPhone.Build.0 = Debug|x86
		{4D3CB994-71F3-4BB8-9D93-494839342B8F}.Debug|iPhone.Deploy.0 = Debug|x86
		{4D3CB994-71F3-4BB8-9D93-494839342B8F}.Debug|iPhoneSimulator.ActiveCfg = Debug|x86
		{4D3CB994-71F3-4BB8-9D93-494839342B8F}.Debug|iPhoneSimulator.Build.0 = Debug|x86
		{4D3CB994-71F3-4BB8-9D93-494839342B8F}.Debug|iPhoneSimulator.Deploy.0 = Debug|x86
		{4D3CB994-71F3-4BB8-9D93-494839342B8F}.Debug|x64.ActiveCfg = Debug|x64
		{4D3CB994-71F3-4BB8-9D93-494839342B8F}.Debug|x64.Build.0 = Debug|x64
		{4D3CB994-71F3-4BB8-9D93-494839342B8F}.Debug|x64.Deploy.0 = Debug|x64
		{4D3CB994-71F3-4BB8-9D93-494839342B8F}.Debug|x86.ActiveCfg = Debug|x86
		{4D3CB994-71F3-4BB8-9D93-494839342B8F}.Debug|x86.Build.0 = Debug|x86
		{4D3CB994-71F3-4BB8-9D93-494839342B8F}.Debug|x86.Deploy.0 = Debug|x86
		{4D3CB994-71F3-4BB8-9D93-494839342B8F}.Release|Any CPU.ActiveCfg = Release|x86
		{4D3CB994-71F3-4BB8-9D93-494839342B8F}.Release|Any CPU.Build.0 = Release|x86
		{4D3CB994-71F3-4BB8-9D93-494839342B8F}.Release|Any CPU.Deploy.0 = Release|x86
		{4D3CB994-71F3-4BB8-9D93-494839342B8F}.Release|ARM.ActiveCfg = Release|ARM
		{4D3CB994-71F3-4BB8-9D93-494839342B8F}.Release|ARM.Build.0 = Release|ARM
		{4D3CB994-71F3-4BB8-9D93-494839342B8F}.Release|ARM.Deploy.0 = Release|ARM
		{4D3CB994-71F3-4BB8-9D93-494839342B8F}.Release|iPhone.ActiveCfg = Release|x86
		{4D3CB994-71F3-4BB8-9D93-494839342B8F}.Release|iPhone.Build.0 = Release|x86
		{4D3CB994-71F3-4BB8-9D93-494839342B8F}.Release|iPhone.Deploy.0 = Release|x86
		{4D3CB994-71F3-4BB8-9D93-494839342B8F}.Release|iPhoneSimulator.ActiveCfg = Release|x86
		{4D3CB994-71F3-4BB8-9D93-494839342B8F}.Release|iPhoneSimulator.Build.0 = Release|x86
		{4D3CB994-71F3-4BB8-9D93-494839342B8F}.Release|iPhoneSimulator.Deploy.0 = Release|x86
		{4D3CB994-71F3-4BB8-9D93-494839342B8F}.Release|x64.ActiveCfg = Release|x64
		{4D3CB994-71F3-4BB8-9D93-494839342B8F}.Release|x64.Build.0 = Release|x64
		{4D3CB994-71F3-4BB8-9D93-494839342B8F}.Release|x64.Deploy.0 = Release|x64
		{4D3CB994-71F3-4BB8-9D93-494839342B8F}.Release|x86.ActiveCfg = Release|x86
		{4D3CB994-71F3-4BB8-9D93-494839342B8F}.Release|x86.Build.0 = Release|x86
		{4D3CB994-71F3-4BB8-9D93-494839342B8F}.Release|x86.Deploy.0 = Release|x86
		{999471F7-165A-4732-8D82-61D6792B253D}.Debug|Any CPU.ActiveCfg = Debug|Any CPU
		{999471F7-165A-4732-8D82-61D6792B253D}.Debug|Any CPU.Build.0 = Debug|Any CPU
		{999471F7-165A-4732-8D82-61D6792B253D}.Debug|Any CPU.Deploy.0 = Debug|Any CPU
		{999471F7-165A-4732-8D82-61D6792B253D}.Debug|ARM.ActiveCfg = Debug|Any CPU
		{999471F7-165A-4732-8D82-61D6792B253D}.Debug|ARM.Build.0 = Debug|Any CPU
		{999471F7-165A-4732-8D82-61D6792B253D}.Debug|ARM.Deploy.0 = Debug|Any CPU
		{999471F7-165A-4732-8D82-61D6792B253D}.Debug|iPhone.ActiveCfg = Debug|Any CPU
		{999471F7-165A-4732-8D82-61D6792B253D}.Debug|iPhone.Build.0 = Debug|Any CPU
		{999471F7-165A-4732-8D82-61D6792B253D}.Debug|iPhone.Deploy.0 = Debug|Any CPU
		{999471F7-165A-4732-8D82-61D6792B253D}.Debug|iPhoneSimulator.ActiveCfg = Debug|Any CPU
		{999471F7-165A-4732-8D82-61D6792B253D}.Debug|iPhoneSimulator.Build.0 = Debug|Any CPU
		{999471F7-165A-4732-8D82-61D6792B253D}.Debug|iPhoneSimulator.Deploy.0 = Debug|Any CPU
		{999471F7-165A-4732-8D82-61D6792B253D}.Debug|x64.ActiveCfg = Debug|Any CPU
		{999471F7-165A-4732-8D82-61D6792B253D}.Debug|x64.Build.0 = Debug|Any CPU
		{999471F7-165A-4732-8D82-61D6792B253D}.Debug|x64.Deploy.0 = Debug|Any CPU
		{999471F7-165A-4732-8D82-61D6792B253D}.Debug|x86.ActiveCfg = Debug|Any CPU
		{999471F7-165A-4732-8D82-61D6792B253D}.Debug|x86.Build.0 = Debug|Any CPU
		{999471F7-165A-4732-8D82-61D6792B253D}.Debug|x86.Deploy.0 = Debug|Any CPU
		{999471F7-165A-4732-8D82-61D6792B253D}.Release|Any CPU.ActiveCfg = Release|Any CPU
		{999471F7-165A-4732-8D82-61D6792B253D}.Release|Any CPU.Build.0 = Release|Any CPU
		{999471F7-165A-4732-8D82-61D6792B253D}.Release|Any CPU.Deploy.0 = Release|Any CPU
		{999471F7-165A-4732-8D82-61D6792B253D}.Release|ARM.ActiveCfg = Release|Any CPU
		{999471F7-165A-4732-8D82-61D6792B253D}.Release|ARM.Build.0 = Release|Any CPU
		{999471F7-165A-4732-8D82-61D6792B253D}.Release|ARM.Deploy.0 = Release|Any CPU
		{999471F7-165A-4732-8D82-61D6792B253D}.Release|iPhone.ActiveCfg = Release|Any CPU
		{999471F7-165A-4732-8D82-61D6792B253D}.Release|iPhone.Build.0 = Release|Any CPU
		{999471F7-165A-4732-8D82-61D6792B253D}.Release|iPhone.Deploy.0 = Release|Any CPU
		{999471F7-165A-4732-8D82-61D6792B253D}.Release|iPhoneSimulator.ActiveCfg = Release|Any CPU
		{999471F7-165A-4732-8D82-61D6792B253D}.Release|iPhoneSimulator.Build.0 = Release|Any CPU
		{999471F7-165A-4732-8D82-61D6792B253D}.Release|iPhoneSimulator.Deploy.0 = Release|Any CPU
		{999471F7-165A-4732-8D82-61D6792B253D}.Release|x64.ActiveCfg = Release|Any CPU
		{999471F7-165A-4732-8D82-61D6792B253D}.Release|x64.Build.0 = Release|Any CPU
		{999471F7-165A-4732-8D82-61D6792B253D}.Release|x64.Deploy.0 = Release|Any CPU
		{999471F7-165A-4732-8D82-61D6792B253D}.Release|x86.ActiveCfg = Release|Any CPU
		{999471F7-165A-4732-8D82-61D6792B253D}.Release|x86.Build.0 = Release|Any CPU
		{999471F7-165A-4732-8D82-61D6792B253D}.Release|x86.Deploy.0 = Release|Any CPU
		{44681B4B-8CFF-454E-BC83-9FEE25711FF7}.Debug|Any CPU.ActiveCfg = Debug|iPhone
		{44681B4B-8CFF-454E-BC83-9FEE25711FF7}.Debug|Any CPU.Build.0 = Debug|iPhone
		{44681B4B-8CFF-454E-BC83-9FEE25711FF7}.Debug|Any CPU.Deploy.0 = Debug|iPhone
		{44681B4B-8CFF-454E-BC83-9FEE25711FF7}.Debug|ARM.ActiveCfg = Debug|iPhoneSimulator
		{44681B4B-8CFF-454E-BC83-9FEE25711FF7}.Debug|ARM.Build.0 = Debug|iPhoneSimulator
		{44681B4B-8CFF-454E-BC83-9FEE25711FF7}.Debug|ARM.Deploy.0 = Debug|iPhoneSimulator
		{44681B4B-8CFF-454E-BC83-9FEE25711FF7}.Debug|iPhone.ActiveCfg = Debug|iPhone
		{44681B4B-8CFF-454E-BC83-9FEE25711FF7}.Debug|iPhone.Build.0 = Debug|iPhone
		{44681B4B-8CFF-454E-BC83-9FEE25711FF7}.Debug|iPhone.Deploy.0 = Debug|iPhone
		{44681B4B-8CFF-454E-BC83-9FEE25711FF7}.Debug|iPhoneSimulator.ActiveCfg = Debug|iPhoneSimulator
		{44681B4B-8CFF-454E-BC83-9FEE25711FF7}.Debug|iPhoneSimulator.Build.0 = Debug|iPhoneSimulator
		{44681B4B-8CFF-454E-BC83-9FEE25711FF7}.Debug|iPhoneSimulator.Deploy.0 = Debug|iPhoneSimulator
		{44681B4B-8CFF-454E-BC83-9FEE25711FF7}.Debug|x64.ActiveCfg = Debug|iPhone
		{44681B4B-8CFF-454E-BC83-9FEE25711FF7}.Debug|x64.Build.0 = Debug|iPhone
		{44681B4B-8CFF-454E-BC83-9FEE25711FF7}.Debug|x64.Deploy.0 = Debug|iPhone
		{44681B4B-8CFF-454E-BC83-9FEE25711FF7}.Debug|x86.ActiveCfg = Debug|iPhone
		{44681B4B-8CFF-454E-BC83-9FEE25711FF7}.Debug|x86.Build.0 = Debug|iPhone
		{44681B4B-8CFF-454E-BC83-9FEE25711FF7}.Debug|x86.Deploy.0 = Debug|iPhone
		{44681B4B-8CFF-454E-BC83-9FEE25711FF7}.Release|Any CPU.ActiveCfg = Release|iPhone
		{44681B4B-8CFF-454E-BC83-9FEE25711FF7}.Release|Any CPU.Build.0 = Release|iPhone
		{44681B4B-8CFF-454E-BC83-9FEE25711FF7}.Release|Any CPU.Deploy.0 = Release|iPhone
		{44681B4B-8CFF-454E-BC83-9FEE25711FF7}.Release|ARM.ActiveCfg = Release|iPhone
		{44681B4B-8CFF-454E-BC83-9FEE25711FF7}.Release|ARM.Build.0 = Release|iPhone
		{44681B4B-8CFF-454E-BC83-9FEE25711FF7}.Release|ARM.Deploy.0 = Release|iPhone
		{44681B4B-8CFF-454E-BC83-9FEE25711FF7}.Release|iPhone.ActiveCfg = Release|iPhone
		{44681B4B-8CFF-454E-BC83-9FEE25711FF7}.Release|iPhone.Build.0 = Release|iPhone
		{44681B4B-8CFF-454E-BC83-9FEE25711FF7}.Release|iPhone.Deploy.0 = Release|iPhone
		{44681B4B-8CFF-454E-BC83-9FEE25711FF7}.Release|iPhoneSimulator.ActiveCfg = Release|iPhoneSimulator
		{44681B4B-8CFF-454E-BC83-9FEE25711FF7}.Release|iPhoneSimulator.Build.0 = Release|iPhoneSimulator
		{44681B4B-8CFF-454E-BC83-9FEE25711FF7}.Release|iPhoneSimulator.Deploy.0 = Release|iPhoneSimulator
		{44681B4B-8CFF-454E-BC83-9FEE25711FF7}.Release|x64.ActiveCfg = Release|iPhone
		{44681B4B-8CFF-454E-BC83-9FEE25711FF7}.Release|x64.Build.0 = Release|iPhone
		{44681B4B-8CFF-454E-BC83-9FEE25711FF7}.Release|x64.Deploy.0 = Release|iPhone
		{44681B4B-8CFF-454E-BC83-9FEE25711FF7}.Release|x86.ActiveCfg = Release|iPhone
		{44681B4B-8CFF-454E-BC83-9FEE25711FF7}.Release|x86.Build.0 = Release|iPhone
		{44681B4B-8CFF-454E-BC83-9FEE25711FF7}.Release|x86.Deploy.0 = Release|iPhone
		{08F97207-41B0-4AB6-A801-360488A9F28B}.Debug|Any CPU.ActiveCfg = Debug|Any CPU
		{08F97207-41B0-4AB6-A801-360488A9F28B}.Debug|Any CPU.Build.0 = Debug|Any CPU
		{08F97207-41B0-4AB6-A801-360488A9F28B}.Debug|Any CPU.Deploy.0 = Debug|Any CPU
		{08F97207-41B0-4AB6-A801-360488A9F28B}.Debug|ARM.ActiveCfg = Debug|Any CPU
		{08F97207-41B0-4AB6-A801-360488A9F28B}.Debug|ARM.Build.0 = Debug|Any CPU
		{08F97207-41B0-4AB6-A801-360488A9F28B}.Debug|ARM.Deploy.0 = Debug|Any CPU
		{08F97207-41B0-4AB6-A801-360488A9F28B}.Debug|iPhone.ActiveCfg = Debug|Any CPU
		{08F97207-41B0-4AB6-A801-360488A9F28B}.Debug|iPhone.Build.0 = Debug|Any CPU
		{08F97207-41B0-4AB6-A801-360488A9F28B}.Debug|iPhone.Deploy.0 = Debug|Any CPU
		{08F97207-41B0-4AB6-A801-360488A9F28B}.Debug|iPhoneSimulator.ActiveCfg = Debug|Any CPU
		{08F97207-41B0-4AB6-A801-360488A9F28B}.Debug|iPhoneSimulator.Build.0 = Debug|Any CPU
		{08F97207-41B0-4AB6-A801-360488A9F28B}.Debug|iPhoneSimulator.Deploy.0 = Debug|Any CPU
		{08F97207-41B0-4AB6-A801-360488A9F28B}.Debug|x64.ActiveCfg = Debug|Any CPU
		{08F97207-41B0-4AB6-A801-360488A9F28B}.Debug|x64.Build.0 = Debug|Any CPU
		{08F97207-41B0-4AB6-A801-360488A9F28B}.Debug|x64.Deploy.0 = Debug|Any CPU
		{08F97207-41B0-4AB6-A801-360488A9F28B}.Debug|x86.ActiveCfg = Debug|Any CPU
		{08F97207-41B0-4AB6-A801-360488A9F28B}.Debug|x86.Build.0 = Debug|Any CPU
		{08F97207-41B0-4AB6-A801-360488A9F28B}.Debug|x86.Deploy.0 = Debug|Any CPU
		{08F97207-41B0-4AB6-A801-360488A9F28B}.Release|Any CPU.ActiveCfg = Release|Any CPU
		{08F97207-41B0-4AB6-A801-360488A9F28B}.Release|Any CPU.Build.0 = Release|Any CPU
		{08F97207-41B0-4AB6-A801-360488A9F28B}.Release|Any CPU.Deploy.0 = Release|Any CPU
		{08F97207-41B0-4AB6-A801-360488A9F28B}.Release|ARM.ActiveCfg = Release|Any CPU
		{08F97207-41B0-4AB6-A801-360488A9F28B}.Release|ARM.Build.0 = Release|Any CPU
		{08F97207-41B0-4AB6-A801-360488A9F28B}.Release|ARM.Deploy.0 = Release|Any CPU
		{08F97207-41B0-4AB6-A801-360488A9F28B}.Release|iPhone.ActiveCfg = Release|Any CPU
		{08F97207-41B0-4AB6-A801-360488A9F28B}.Release|iPhone.Build.0 = Release|Any CPU
		{08F97207-41B0-4AB6-A801-360488A9F28B}.Release|iPhone.Deploy.0 = Release|Any CPU
		{08F97207-41B0-4AB6-A801-360488A9F28B}.Release|iPhoneSimulator.ActiveCfg = Release|Any CPU
		{08F97207-41B0-4AB6-A801-360488A9F28B}.Release|iPhoneSimulator.Build.0 = Release|Any CPU
		{08F97207-41B0-4AB6-A801-360488A9F28B}.Release|iPhoneSimulator.Deploy.0 = Release|Any CPU
		{08F97207-41B0-4AB6-A801-360488A9F28B}.Release|x64.ActiveCfg = Release|Any CPU
		{08F97207-41B0-4AB6-A801-360488A9F28B}.Release|x64.Build.0 = Release|Any CPU
		{08F97207-41B0-4AB6-A801-360488A9F28B}.Release|x64.Deploy.0 = Release|Any CPU
		{08F97207-41B0-4AB6-A801-360488A9F28B}.Release|x86.ActiveCfg = Release|Any CPU
		{08F97207-41B0-4AB6-A801-360488A9F28B}.Release|x86.Build.0 = Release|Any CPU
		{08F97207-41B0-4AB6-A801-360488A9F28B}.Release|x86.Deploy.0 = Release|Any CPU
	EndGlobalSection
	GlobalSection(SolutionProperties) = preSolution
		HideSolutionNode = FALSE
	EndGlobalSection
	GlobalSection(ExtensibilityGlobals) = postSolution
		SolutionGuid = {0EBB8878-0F7E-4FFD-9583-F8214B02C7AD}
	EndGlobalSection
EndGlobal
